
Microsoft Visual Studio Solution File, Format Version 12.00
# Visual Studio Version 17
VisualStudioVersion = 17.14.36203.30 d17.14
MinimumVisualStudioVersion = 10.0.40219.1
Project("{9A19103F-16F7-4668-BE54-9A1E7A4F7556}") = "wpfApp", "wpfApp\wpfApp.csproj", "{2D03CD22-F2DE-4DBA-A409-451D975E7183}"
EndProject
Global
	GlobalSection(SolutionConfigurationPlatforms) = preSolution
		Debug|Any CPU = Debug|Any CPU
		Release|Any CPU = Release|Any CPU
	EndGlobalSection
	GlobalSection(ProjectConfigurationPlatforms) = postSolution
		{2D03CD22-F2DE-4DBA-A409-451D975E7183}.Debug|Any CPU.ActiveCfg = Debug|Any CPU
		{2D03CD22-F2DE-4DBA-A409-451D975E7183}.Debug|Any CPU.Build.0 = Debug|Any CPU
		{2D03CD22-F2DE-4DBA-A409-451D975E7183}.Release|Any CPU.ActiveCfg = Release|Any CPU
		{2D03CD22-F2DE-4DBA-A409-451D975E7183}.Release|Any CPU.Build.0 = Release|Any CPU
	EndGlobalSection
	GlobalSection(SolutionProperties) = preSolution
		HideSolutionNode = FALSE
	EndGlobalSection
	GlobalSection(ExtensibilityGlobals) = postSolution
		SolutionGuid = {6C0E5539-028F-469B-86E2-685E4F1A5177}
	EndGlobalSection
EndGlobal
